
Microsoft Visual Studio Solution File, Format Version 12.00
# Visual Studio Version 16
VisualStudioVersion = 16.0.31005.135
MinimumVisualStudioVersion = 10.0.40219.1
Project("{FAE04EC0-301F-11D3-BF4B-00C04F79EFBC}") = "AppXamarinFlixSegundoDS.UWP", "AppXamarinFlixSegundoDS\AppXamarinFlixSegundoDS.UWP\AppXamarinFlixSegundoDS.UWP.csproj", "{7F95C3D0-A2DD-493B-8310-DBFA192CB7E0}"
EndProject
Project("{FAE04EC0-301F-11D3-BF4B-00C04F79EFBC}") = "AppXamarinFlixSegundoDS.Android", "AppXamarinFlixSegundoDS\AppXamarinFlixSegundoDS.Android\AppXamarinFlixSegundoDS.Android.csproj", "{473E0D6D-867B-449C-B4D9-A450E4E65F5C}"
EndProject
Project("{FAE04EC0-301F-11D3-BF4B-00C04F79EFBC}") = "AppXamarinFlixSegundoDS", "AppXamarinFlixSegundoDS\AppXamarinFlixSegundoDS\AppXamarinFlixSegundoDS.csproj", "{5DAA569A-7BFD-422F-A77F-AFD258F2CABE}"
EndProject
Global
	GlobalSection(SolutionConfigurationPlatforms) = preSolution
		Debug|Any CPU = Debug|Any CPU
		Debug|ARM = Debug|ARM
		Debug|x64 = Debug|x64
		Debug|x86 = Debug|x86
		Release|Any CPU = Release|Any CPU
		Release|ARM = Release|ARM
		Release|x64 = Release|x64
		Release|x86 = Release|x86
	EndGlobalSection
	GlobalSection(ProjectConfigurationPlatforms) = postSolution
		{7F95C3D0-A2DD-493B-8310-DBFA192CB7E0}.Debug|Any CPU.ActiveCfg = Debug|x86
		{7F95C3D0-A2DD-493B-8310-DBFA192CB7E0}.Debug|Any CPU.Build.0 = Debug|x86
		{7F95C3D0-A2DD-493B-8310-DBFA192CB7E0}.Debug|Any CPU.Deploy.0 = Debug|x86
		{7F95C3D0-A2DD-493B-8310-DBFA192CB7E0}.Debug|ARM.ActiveCfg = Debug|ARM
		{7F95C3D0-A2DD-493B-8310-DBFA192CB7E0}.Debug|ARM.Build.0 = Debug|ARM
		{7F95C3D0-A2DD-493B-8310-DBFA192CB7E0}.Debug|ARM.Deploy.0 = Debug|ARM
		{7F95C3D0-A2DD-493B-8310-DBFA192CB7E0}.Debug|x64.ActiveCfg = Debug|x64
		{7F95C3D0-A2DD-493B-8310-DBFA192CB7E0}.Debug|x64.Build.0 = Debug|x64
		{7F95C3D0-A2DD-493B-8310-DBFA192CB7E0}.Debug|x64.Deploy.0 = Debug|x64
		{7F95C3D0-A2DD-493B-8310-DBFA192CB7E0}.Debug|x86.ActiveCfg = Debug|x86
		{7F95C3D0-A2DD-493B-8310-DBFA192CB7E0}.Debug|x86.Build.0 = Debug|x86
		{7F95C3D0-A2DD-493B-8310-DBFA192CB7E0}.Debug|x86.Deploy.0 = Debug|x86
		{7F95C3D0-A2DD-493B-8310-DBFA192CB7E0}.Release|Any CPU.ActiveCfg = Release|x86
		{7F95C3D0-A2DD-493B-8310-DBFA192CB7E0}.Release|Any CPU.Build.0 = Release|x86
		{7F95C3D0-A2DD-493B-8310-DBFA192CB7E0}.Release|Any CPU.Deploy.0 = Release|x86
		{7F95C3D0-A2DD-493B-8310-DBFA192CB7E0}.Release|ARM.ActiveCfg = Release|ARM
		{7F95C3D0-A2DD-493B-8310-DBFA192CB7E0}.Release|ARM.Build.0 = Release|ARM
		{7F95C3D0-A2DD-493B-8310-DBFA192CB7E0}.Release|ARM.Deploy.0 = Release|ARM
		{7F95C3D0-A2DD-493B-8310-DBFA192CB7E0}.Release|x64.ActiveCfg = Release|x64
		{7F95C3D0-A2DD-493B-8310-DBFA192CB7E0}.Release|x64.Build.0 = Release|x64
		{7F95C3D0-A2DD-493B-8310-DBFA192CB7E0}.Release|x64.Deploy.0 = Release|x64
		{7F95C3D0-A2DD-493B-8310-DBFA192CB7E0}.Release|x86.ActiveCfg = Release|x86
		{7F95C3D0-A2DD-493B-8310-DBFA192CB7E0}.Release|x86.Build.0 = Release|x86
		{7F95C3D0-A2DD-493B-8310-DBFA192CB7E0}.Release|x86.Deploy.0 = Release|x86
		{473E0D6D-867B-449C-B4D9-A450E4E65F5C}.Debug|Any CPU.ActiveCfg = Debug|Any CPU
		{473E0D6D-867B-449C-B4D9-A450E4E65F5C}.Debug|Any CPU.Build.0 = Debug|Any CPU
		{473E0D6D-867B-449C-B4D9-A450E4E65F5C}.Debug|Any CPU.Deploy.0 = Debug|Any CPU
		{473E0D6D-867B-449C-B4D9-A450E4E65F5C}.Debug|ARM.ActiveCfg = Debug|Any CPU
		{473E0D6D-867B-449C-B4D9-A450E4E65F5C}.Debug|ARM.Build.0 = Debug|Any CPU
		{473E0D6D-867B-449C-B4D9-A450E4E65F5C}.Debug|ARM.Deploy.0 = Debug|Any CPU
		{473E0D6D-867B-449C-B4D9-A450E4E65F5C}.Debug|x64.ActiveCfg = Debug|Any CPU
		{473E0D6D-867B-449C-B4D9-A450E4E65F5C}.Debug|x64.Build.0 = Debug|Any CPU
		{473E0D6D-867B-449C-B4D9-A450E4E65F5C}.Debug|x64.Deploy.0 = Debug|Any CPU
		{473E0D6D-867B-449C-B4D9-A450E4E65F5C}.Debug|x86.ActiveCfg = Debug|Any CPU
		{473E0D6D-867B-449C-B4D9-A450E4E65F5C}.Debug|x86.Build.0 = Debug|Any CPU
		{473E0D6D-867B-449C-B4D9-A450E4E65F5C}.Debug|x86.Deploy.0 = Debug|Any CPU
		{473E0D6D-867B-449C-B4D9-A450E4E65F5C}.Release|Any CPU.ActiveCfg = Release|Any CPU
		{473E0D6D-867B-449C-B4D9-A450E4E65F5C}.Release|Any CPU.Build.0 = Release|Any CPU
		{473E0D6D-867B-449C-B4D9-A450E4E65F5C}.Release|Any CPU.Deploy.0 = Release|Any CPU
		{473E0D6D-867B-449C-B4D9-A450E4E65F5C}.Release|ARM.ActiveCfg = Release|Any CPU
		{473E0D6D-867B-449C-B4D9-A450E4E65F5C}.Release|ARM.Build.0 = Release|Any CPU
		{473E0D6D-867B-449C-B4D9-A450E4E65F5C}.Release|ARM.Deploy.0 = Release|Any CPU
		{473E0D6D-867B-449C-B4D9-A450E4E65F5C}.Release|x64.ActiveCfg = Release|Any CPU
		{473E0D6D-867B-449C-B4D9-A450E4E65F5C}.Release|x64.Build.0 = Release|Any CPU
		{473E0D6D-867B-449C-B4D9-A450E4E65F5C}.Release|x64.Deploy.0 = Release|Any CPU
		{473E0D6D-867B-449C-B4D9-A450E4E65F5C}.Release|x86.ActiveCfg = Release|Any CPU
		{473E0D6D-867B-449C-B4D9-A450E4E65F5C}.Release|x86.Build.0 = Release|Any CPU
		{473E0D6D-867B-449C-B4D9-A450E4E65F5C}.Release|x86.Deploy.0 = Release|Any CPU
		{5DAA569A-7BFD-422F-A77F-AFD258F2CABE}.Debug|Any CPU.ActiveCfg = Debug|Any CPU
		{5DAA569A-7BFD-422F-A77F-AFD258F2CABE}.Debug|Any CPU.Build.0 = Debug|Any CPU
		{5DAA569A-7BFD-422F-A77F-AFD258F2CABE}.Debug|Any CPU.Deploy.0 = Debug|Any CPU
		{5DAA569A-7BFD-422F-A77F-AFD258F2CABE}.Debug|ARM.ActiveCfg = Debug|Any CPU
		{5DAA569A-7BFD-422F-A77F-AFD258F2CABE}.Debug|ARM.Build.0 = Debug|Any CPU
		{5DAA569A-7BFD-422F-A77F-AFD258F2CABE}.Debug|ARM.Deploy.0 = Debug|Any CPU
		{5DAA569A-7BFD-422F-A77F-AFD258F2CABE}.Debug|x64.ActiveCfg = Debug|Any CPU
		{5DAA569A-7BFD-422F-A77F-AFD258F2CABE}.Debug|x64.Build.0 = Debug|Any CPU
		{5DAA569A-7BFD-422F-A77F-AFD258F2CABE}.Debug|x64.Deploy.0 = Debug|Any CPU
		{5DAA569A-7BFD-422F-A77F-AFD258F2CABE}.Debug|x86.ActiveCfg = Debug|Any CPU
		{5DAA569A-7BFD-422F-A77F-AFD258F2CABE}.Debug|x86.Build.0 = Debug|Any CPU
		{5DAA569A-7BFD-422F-A77F-AFD258F2CABE}.Debug|x86.Deploy.0 = Debug|Any CPU
		{5DAA569A-7BFD-422F-A77F-AFD258F2CABE}.Release|Any CPU.ActiveCfg = Release|Any CPU
		{5DAA569A-7BFD-422F-A77F-AFD258F2CABE}.Release|Any CPU.Build.0 = Release|Any CPU
		{5DAA569A-7BFD-422F-A77F-AFD258F2CABE}.Release|Any CPU.Deploy.0 = Release|Any CPU
		{5DAA569A-7BFD-422F-A77F-AFD258F2CABE}.Release|ARM.ActiveCfg = Release|Any CPU
		{5DAA569A-7BFD-422F-A77F-AFD258F2CABE}.Release|ARM.Build.0 = Release|Any CPU
		{5DAA569A-7BFD-422F-A77F-AFD258F2CABE}.Release|ARM.Deploy.0 = Release|Any CPU
		{5DAA569A-7BFD-422F-A77F-AFD258F2CABE}.Release|x64.ActiveCfg = Release|Any CPU
		{5DAA569A-7BFD-422F-A77F-AFD258F2CABE}.Release|x64.Build.0 = Release|Any CPU
		{5DAA569A-7BFD-422F-A77F-AFD258F2CABE}.Release|x64.Deploy.0 = Release|Any CPU
		{5DAA569A-7BFD-422F-A77F-AFD258F2CABE}.Release|x86.ActiveCfg = Release|Any CPU
		{5DAA569A-7BFD-422F-A77F-AFD258F2CABE}.Release|x86.Build.0 = Release|Any CPU
		{5DAA569A-7BFD-422F-A77F-AFD258F2CABE}.Release|x86.Deploy.0 = Release|Any CPU
	EndGlobalSection
	GlobalSection(SolutionProperties) = preSolution
		HideSolutionNode = FALSE
	EndGlobalSection
	GlobalSection(ExtensibilityGlobals) = postSolution
		SolutionGuid = {F032949F-7829-4889-845E-CB989EA49159}
	EndGlobalSection
EndGlobal
